
Microsoft Visual Studio Solution File, Format Version 12.00
# Visual Studio Version 17
VisualStudioVersion = 17.8.34511.84
MinimumVisualStudioVersion = 10.0.40219.1
Project("{9A19103F-16F7-4668-BE54-9A1E7A4F7556}") = "PracaZEFCore", "PracaZEFCore\PracaZEFCore.csproj", "{7AB69101-4F60-4706-BD27-43ABF99E192A}"
EndProject
Project("{FAE04EC0-301F-11D3-BF4B-00C04F79EFBC}") = "UczniowieIKursy", "UczniowieIKursy\UczniowieIKursy.csproj", "{2D145149-04B1-42CE-A86F-118CEF63F31A}"
EndProject
Global
	GlobalSection(SolutionConfigurationPlatforms) = preSolution
		Debug|Any CPU = Debug|Any CPU
		Release|Any CPU = Release|Any CPU
	EndGlobalSection
	GlobalSection(ProjectConfigurationPlatforms) = postSolution
		{7AB69101-4F60-4706-BD27-43ABF99E192A}.Debug|Any CPU.ActiveCfg = Debug|Any CPU
		{7AB69101-4F60-4706-BD27-43ABF99E192A}.Debug|Any CPU.Build.0 = Debug|Any CPU
		{7AB69101-4F60-4706-BD27-43ABF99E192A}.Release|Any CPU.ActiveCfg = Release|Any CPU
		{7AB69101-4F60-4706-BD27-43ABF99E192A}.Release|Any CPU.Build.0 = Release|Any CPU
		{2D145149-04B1-42CE-A86F-118CEF63F31A}.Debug|Any CPU.ActiveCfg = Debug|Any CPU
		{2D145149-04B1-42CE-A86F-118CEF63F31A}.Debug|Any CPU.Build.0 = Debug|Any CPU
		{2D145149-04B1-42CE-A86F-118CEF63F31A}.Release|Any CPU.ActiveCfg = Release|Any CPU
		{2D145149-04B1-42CE-A86F-118CEF63F31A}.Release|Any CPU.Build.0 = Release|Any CPU
	EndGlobalSection
	GlobalSection(SolutionProperties) = preSolution
		HideSolutionNode = FALSE
	EndGlobalSection
	GlobalSection(ExtensibilityGlobals) = postSolution
		SolutionGuid = {253C1179-C2AA-4A0C-B8A2-A0ED3C53D5B3}
	EndGlobalSection
EndGlobal
